
Microsoft Visual Studio Solution File, Format Version 12.00
# Visual Studio Version 16
VisualStudioVersion = 16.0.30320.27
MinimumVisualStudioVersion = 10.0.40219.1
Project("{9A19103F-16F7-4668-BE54-9A1E7A4F7556}") = "Celarix.Imaging", "Celarix.Imaging\Celarix.Imaging.csproj", "{429C7733-6983-43B4-865E-4163EE5E38DF}"
EndProject
Project("{9A19103F-16F7-4668-BE54-9A1E7A4F7556}") = "Celarix.Imaging.ByteView", "Celarix.Imaging.ByteView\Celarix.Imaging.ByteView.csproj", "{CFC6A410-98F0-486E-9E53-9D675D5DC935}"
EndProject
Project("{9A19103F-16F7-4668-BE54-9A1E7A4F7556}") = "Celarix.Imaging.PictureTiler", "Celarix.Imaging.PictureTiler\Celarix.Imaging.PictureTiler.csproj", "{AC92E8EB-41A8-4D69-9858-5A01E5190812}"
EndProject
Project("{9A19103F-16F7-4668-BE54-9A1E7A4F7556}") = "Celarix.Imaging.Formats", "Celarix.Imaging.Formats\Celarix.Imaging.Formats\Celarix.Imaging.Formats.csproj", "{8FED148C-CEA6-4AD1-898C-844B78C0F6B0}"
EndProject
Global
	GlobalSection(SolutionConfigurationPlatforms) = preSolution
		Debug|Any CPU = Debug|Any CPU
		Release|Any CPU = Release|Any CPU
	EndGlobalSection
	GlobalSection(ProjectConfigurationPlatforms) = postSolution
		{429C7733-6983-43B4-865E-4163EE5E38DF}.Debug|Any CPU.ActiveCfg = Debug|Any CPU
		{429C7733-6983-43B4-865E-4163EE5E38DF}.Debug|Any CPU.Build.0 = Debug|Any CPU
		{429C7733-6983-43B4-865E-4163EE5E38DF}.Release|Any CPU.ActiveCfg = Release|Any CPU
		{429C7733-6983-43B4-865E-4163EE5E38DF}.Release|Any CPU.Build.0 = Release|Any CPU
		{CFC6A410-98F0-486E-9E53-9D675D5DC935}.Debug|Any CPU.ActiveCfg = Debug|Any CPU
		{CFC6A410-98F0-486E-9E53-9D675D5DC935}.Debug|Any CPU.Build.0 = Debug|Any CPU
		{CFC6A410-98F0-486E-9E53-9D675D5DC935}.Release|Any CPU.ActiveCfg = Release|Any CPU
		{CFC6A410-98F0-486E-9E53-9D675D5DC935}.Release|Any CPU.Build.0 = Release|Any CPU
		{AC92E8EB-41A8-4D69-9858-5A01E5190812}.Debug|Any CPU.ActiveCfg = Debug|Any CPU
		{AC92E8EB-41A8-4D69-9858-5A01E5190812}.Debug|Any CPU.Build.0 = Debug|Any CPU
		{AC92E8EB-41A8-4D69-9858-5A01E5190812}.Release|Any CPU.ActiveCfg = Release|Any CPU
		{AC92E8EB-41A8-4D69-9858-5A01E5190812}.Release|Any CPU.Build.0 = Release|Any CPU
		{8FED148C-CEA6-4AD1-898C-844B78C0F6B0}.Debug|Any CPU.ActiveCfg = Debug|Any CPU
		{8FED148C-CEA6-4AD1-898C-844B78C0F6B0}.Debug|Any CPU.Build.0 = Debug|Any CPU
		{8FED148C-CEA6-4AD1-898C-844B78C0F6B0}.Release|Any CPU.ActiveCfg = Release|Any CPU
		{8FED148C-CEA6-4AD1-898C-844B78C0F6B0}.Release|Any CPU.Build.0 = Release|Any CPU
	EndGlobalSection
	GlobalSection(SolutionProperties) = preSolution
		HideSolutionNode = FALSE
	EndGlobalSection
	GlobalSection(ExtensibilityGlobals) = postSolution
		SolutionGuid = {A7BA3BBD-C7B5-439B-B8DE-E5CD9A3A61FB}
	EndGlobalSection
EndGlobal
